
Microsoft Visual Studio Solution File, Format Version 12.00
# Visual Studio Version 17
VisualStudioVersion = 17.9.34701.34
MinimumVisualStudioVersion = 10.0.40219.1
Project("{FAE04EC0-301F-11D3-BF4B-00C04F79EFBC}") = "CSPractice312", "CSPractice312\CSPractice312.csproj", "{07F97B20-56FB-4B71-B891-D17D7631C01E}"
EndProject
Global
	GlobalSection(SolutionConfigurationPlatforms) = preSolution
		Debug|Any CPU = Debug|Any CPU
		Release|Any CPU = Release|Any CPU
	EndGlobalSection
	GlobalSection(ProjectConfigurationPlatforms) = postSolution
		{07F97B20-56FB-4B71-B891-D17D7631C01E}.Debug|Any CPU.ActiveCfg = Debug|Any CPU
		{07F97B20-56FB-4B71-B891-D17D7631C01E}.Debug|Any CPU.Build.0 = Debug|Any CPU
		{07F97B20-56FB-4B71-B891-D17D7631C01E}.Release|Any CPU.ActiveCfg = Release|Any CPU
		{07F97B20-56FB-4B71-B891-D17D7631C01E}.Release|Any CPU.Build.0 = Release|Any CPU
	EndGlobalSection
	GlobalSection(SolutionProperties) = preSolution
		HideSolutionNode = FALSE
	EndGlobalSection
	GlobalSection(ExtensibilityGlobals) = postSolution
		SolutionGuid = {A213E28F-F209-47FE-B8F5-25D5CDE5CE3B}
	EndGlobalSection
EndGlobal
